
Microsoft Visual Studio Solution File, Format Version 11.00
# Visual C# Express 2010
Project("{FAE04EC0-301F-11D3-BF4B-00C04F79EFBC}") = "AppHarbor.ConsoleSample", "AppHarbor.ConsoleSample\AppHarbor.ConsoleSample.csproj", "{936802F6-4809-4344-8B49-9DAB95047013}"
EndProject
Project("{FAE04EC0-301F-11D3-BF4B-00C04F79EFBC}") = "AppHarbor.Sdk", "AppHarbor.Sdk\AppHarbor.Sdk.csproj", "{41A7CB77-C30B-4281-A9BF-CFAD2B63DD4E}"
EndProject
Project("{FAE04EC0-301F-11D3-BF4B-00C04F79EFBC}") = "AppHarborLookout", "AppHarborLookout\AppHarborLookout.csproj", "{9776F71C-C38E-456B-AE36-84B1FF98F1DF}"
EndProject
Global
	GlobalSection(SolutionConfigurationPlatforms) = preSolution
		Debug|Any CPU = Debug|Any CPU
		Debug|Mixed Platforms = Debug|Mixed Platforms
		Debug|x86 = Debug|x86
		Release|Any CPU = Release|Any CPU
		Release|Mixed Platforms = Release|Mixed Platforms
		Release|x86 = Release|x86
	EndGlobalSection
	GlobalSection(ProjectConfigurationPlatforms) = postSolution
		{936802F6-4809-4344-8B49-9DAB95047013}.Debug|Any CPU.ActiveCfg = Debug|Any CPU
		{936802F6-4809-4344-8B49-9DAB95047013}.Debug|Any CPU.Build.0 = Debug|Any CPU
		{936802F6-4809-4344-8B49-9DAB95047013}.Debug|Mixed Platforms.ActiveCfg = Debug|Any CPU
		{936802F6-4809-4344-8B49-9DAB95047013}.Debug|Mixed Platforms.Build.0 = Debug|Any CPU
		{936802F6-4809-4344-8B49-9DAB95047013}.Debug|x86.ActiveCfg = Debug|Any CPU
		{936802F6-4809-4344-8B49-9DAB95047013}.Release|Any CPU.ActiveCfg = Release|Any CPU
		{936802F6-4809-4344-8B49-9DAB95047013}.Release|Any CPU.Build.0 = Release|Any CPU
		{936802F6-4809-4344-8B49-9DAB95047013}.Release|Mixed Platforms.ActiveCfg = Release|Any CPU
		{936802F6-4809-4344-8B49-9DAB95047013}.Release|Mixed Platforms.Build.0 = Release|Any CPU
		{936802F6-4809-4344-8B49-9DAB95047013}.Release|x86.ActiveCfg = Release|Any CPU
		{41A7CB77-C30B-4281-A9BF-CFAD2B63DD4E}.Debug|Any CPU.ActiveCfg = Debug|x86
		{41A7CB77-C30B-4281-A9BF-CFAD2B63DD4E}.Debug|Mixed Platforms.ActiveCfg = Debug|x86
		{41A7CB77-C30B-4281-A9BF-CFAD2B63DD4E}.Debug|Mixed Platforms.Build.0 = Debug|x86
		{41A7CB77-C30B-4281-A9BF-CFAD2B63DD4E}.Debug|x86.ActiveCfg = Debug|x86
		{41A7CB77-C30B-4281-A9BF-CFAD2B63DD4E}.Debug|x86.Build.0 = Debug|x86
		{41A7CB77-C30B-4281-A9BF-CFAD2B63DD4E}.Release|Any CPU.ActiveCfg = Release|x86
		{41A7CB77-C30B-4281-A9BF-CFAD2B63DD4E}.Release|Mixed Platforms.ActiveCfg = Release|x86
		{41A7CB77-C30B-4281-A9BF-CFAD2B63DD4E}.Release|Mixed Platforms.Build.0 = Release|x86
		{41A7CB77-C30B-4281-A9BF-CFAD2B63DD4E}.Release|x86.ActiveCfg = Release|x86
		{41A7CB77-C30B-4281-A9BF-CFAD2B63DD4E}.Release|x86.Build.0 = Release|x86
		{9776F71C-C38E-456B-AE36-84B1FF98F1DF}.Debug|Any CPU.ActiveCfg = Debug|x86
		{9776F71C-C38E-456B-AE36-84B1FF98F1DF}.Debug|Mixed Platforms.ActiveCfg = Debug|x86
		{9776F71C-C38E-456B-AE36-84B1FF98F1DF}.Debug|Mixed Platforms.Build.0 = Debug|x86
		{9776F71C-C38E-456B-AE36-84B1FF98F1DF}.Debug|x86.ActiveCfg = Debug|x86
		{9776F71C-C38E-456B-AE36-84B1FF98F1DF}.Debug|x86.Build.0 = Debug|x86
		{9776F71C-C38E-456B-AE36-84B1FF98F1DF}.Release|Any CPU.ActiveCfg = Release|x86
		{9776F71C-C38E-456B-AE36-84B1FF98F1DF}.Release|Mixed Platforms.ActiveCfg = Release|x86
		{9776F71C-C38E-456B-AE36-84B1FF98F1DF}.Release|Mixed Platforms.Build.0 = Release|x86
		{9776F71C-C38E-456B-AE36-84B1FF98F1DF}.Release|x86.ActiveCfg = Release|x86
		{9776F71C-C38E-456B-AE36-84B1FF98F1DF}.Release|x86.Build.0 = Release|x86
	EndGlobalSection
	GlobalSection(SolutionProperties) = preSolution
		HideSolutionNode = FALSE
	EndGlobalSection
EndGlobal
